
Microsoft Visual Studio Solution File, Format Version 12.00
# Visual Studio Version 17
VisualStudioVersion = 17.0.31903.59
MinimumVisualStudioVersion = 10.0.40219.1
Project("{FAE04EC0-301F-11D3-BF4B-00C04F79EFBC}") = "CommandLib", "CommandLib\CommandLib.csproj", "{8FB68DD8-A635-4560-B637-AA1429E206D8}"
EndProject
Project("{FAE04EC0-301F-11D3-BF4B-00C04F79EFBC}") = "PluginSystem", "PluginSystem\PluginSystem.csproj", "{91852A6D-84B5-4F7D-86A8-4F2628FDF197}"
EndProject
Project("{FAE04EC0-301F-11D3-BF4B-00C04F79EFBC}") = "Plugins", "Plugins\Plugins.csproj", "{953A3230-0C00-4409-A2D3-F6E98E35758E}"
EndProject
Project("{FAE04EC0-301F-11D3-BF4B-00C04F79EFBC}") = "PluginSystemTests", "PluginSystemTests\PluginSystemTests.csproj", "{79C9D194-F2CD-42C4-A887-64E505FFCA7E}"
EndProject
Global
	GlobalSection(SolutionConfigurationPlatforms) = preSolution
		Debug|Any CPU = Debug|Any CPU
		Release|Any CPU = Release|Any CPU
	EndGlobalSection
	GlobalSection(SolutionProperties) = preSolution
		HideSolutionNode = FALSE
	EndGlobalSection
	GlobalSection(ProjectConfigurationPlatforms) = postSolution
		{8FB68DD8-A635-4560-B637-AA1429E206D8}.Debug|Any CPU.ActiveCfg = Debug|Any CPU
		{8FB68DD8-A635-4560-B637-AA1429E206D8}.Debug|Any CPU.Build.0 = Debug|Any CPU
		{8FB68DD8-A635-4560-B637-AA1429E206D8}.Release|Any CPU.ActiveCfg = Release|Any CPU
		{8FB68DD8-A635-4560-B637-AA1429E206D8}.Release|Any CPU.Build.0 = Release|Any CPU
		{91852A6D-84B5-4F7D-86A8-4F2628FDF197}.Debug|Any CPU.ActiveCfg = Debug|Any CPU
		{91852A6D-84B5-4F7D-86A8-4F2628FDF197}.Debug|Any CPU.Build.0 = Debug|Any CPU
		{91852A6D-84B5-4F7D-86A8-4F2628FDF197}.Release|Any CPU.ActiveCfg = Release|Any CPU
		{91852A6D-84B5-4F7D-86A8-4F2628FDF197}.Release|Any CPU.Build.0 = Release|Any CPU
		{953A3230-0C00-4409-A2D3-F6E98E35758E}.Debug|Any CPU.ActiveCfg = Debug|Any CPU
		{953A3230-0C00-4409-A2D3-F6E98E35758E}.Debug|Any CPU.Build.0 = Debug|Any CPU
		{953A3230-0C00-4409-A2D3-F6E98E35758E}.Release|Any CPU.ActiveCfg = Release|Any CPU
		{953A3230-0C00-4409-A2D3-F6E98E35758E}.Release|Any CPU.Build.0 = Release|Any CPU
		{79C9D194-F2CD-42C4-A887-64E505FFCA7E}.Debug|Any CPU.ActiveCfg = Debug|Any CPU
		{79C9D194-F2CD-42C4-A887-64E505FFCA7E}.Debug|Any CPU.Build.0 = Debug|Any CPU
		{79C9D194-F2CD-42C4-A887-64E505FFCA7E}.Release|Any CPU.ActiveCfg = Release|Any CPU
		{79C9D194-F2CD-42C4-A887-64E505FFCA7E}.Release|Any CPU.Build.0 = Release|Any CPU
	EndGlobalSection
EndGlobal
